// !$*UTF8*$!
{
	archiveVersion = 1;
	classes = {
	};
	objectVersion = 46;
	objects = {

/* Begin PBXBuildFile section */
		8E0643B81C4EDBC900D53CB5 /* RestApiManager.swift in Sources */ = {isa = PBXBuildFile; fileRef = 8E0643B71C4EDBC900D53CB5 /* RestApiManager.swift */; };
		8E0643C21C55256B00D53CB5 /* SwiftyJSON.swift in Sources */ = {isa = PBXBuildFile; fileRef = 8E0643C11C55256B00D53CB5 /* SwiftyJSON.swift */; };
		8E5B2DBA1C4E5D1B0037EAB9 /* AppDelegate.swift in Sources */ = {isa = PBXBuildFile; fileRef = 8E5B2DB91C4E5D1B0037EAB9 /* AppDelegate.swift */; };
		8E5B2DBC1C4E5D1B0037EAB9 /* ViewController.swift in Sources */ = {isa = PBXBuildFile; fileRef = 8E5B2DBB1C4E5D1B0037EAB9 /* ViewController.swift */; };
		8E5B2DBF1C4E5D1B0037EAB9 /* Main.storyboard in Resources */ = {isa = PBXBuildFile; fileRef = 8E5B2DBD1C4E5D1B0037EAB9 /* Main.storyboard */; };
		8E5B2DC11C4E5D1B0037EAB9 /* Assets.xcassets in Resources */ = {isa = PBXBuildFile; fileRef = 8E5B2DC01C4E5D1B0037EAB9 /* Assets.xcassets */; };
		8E5B2DC41C4E5D1B0037EAB9 /* LaunchScreen.storyboard in Resources */ = {isa = PBXBuildFile; fileRef = 8E5B2DC21C4E5D1B0037EAB9 /* LaunchScreen.storyboard */; };
		8E5B2DCC1C4E5F450037EAB9 /* TTUserTableViewCell.swift in Sources */ = {isa = PBXBuildFile; fileRef = 8E5B2DCB1C4E5F450037EAB9 /* TTUserTableViewCell.swift */; };
		8E5B2DCE1C4E61370037EAB9 /* TTUserTableViewController.swift in Sources */ = {isa = PBXBuildFile; fileRef = 8E5B2DCD1C4E61370037EAB9 /* TTUserTableViewController.swift */; };
/* End PBXBuildFile section */

/* Begin PBXFileReference section */
		8E0643B71C4EDBC900D53CB5 /* RestApiManager.swift */ = {isa = PBXFileReference; fileEncoding = 4; lastKnownFileType = sourcecode.swift; name = RestApiManager.swift; path = ../RestApiManager.swift; sourceTree = "<group>"; };
		8E0643C11C55256B00D53CB5 /* SwiftyJSON.swift */ = {isa = PBXFileReference; fileEncoding = 4; lastKnownFileType = sourcecode.swift; name = SwiftyJSON.swift; path = ../../../../Downloads/SwiftyJSON.swift; sourceTree = "<group>"; };
		8E5B2DB61C4E5D1B0037EAB9 /* TimeTracker3.app */ = {isa = PBXFileReference; explicitFileType = wrapper.application; includeInIndex = 0; path = TimeTracker3.app; sourceTree = BUILT_PRODUCTS_DIR; };
		8E5B2DB91C4E5D1B0037EAB9 /* AppDelegate.swift */ = {isa = PBXFileReference; lastKnownFileType = sourcecode.swift; path = AppDelegate.swift; sourceTree = "<group>"; };
		8E5B2DBB1C4E5D1B0037EAB9 /* ViewController.swift */ = {isa = PBXFileReference; lastKnownFileType = sourcecode.swift; path = ViewController.swift; sourceTree = "<group>"; };
		8E5B2DBE1C4E5D1B0037EAB9 /* Base */ = {isa = PBXFileReference; lastKnownFileType = file.storyboard; name = Base; path = Base.lproj/Main.storyboard; sourceTree = "<group>"; };
		8E5B2DC01C4E5D1B0037EAB9 /* Assets.xcassets */ = {isa = PBXFileReference; lastKnownFileType = folder.assetcatalog; path = Assets.xcassets; sourceTree = "<group>"; };
		8E5B2DC31C4E5D1B0037EAB9 /* Base */ = {isa = PBXFileReference; lastKnownFileType = file.storyboard; name = Base; path = Base.lproj/LaunchScreen.storyboard; sourceTree = "<group>"; };
		8E5B2DC51C4E5D1B0037EAB9 /* Info.plist */ = {isa = PBXFileReference; lastKnownFileType = text.plist.xml; path = Info.plist; sourceTree = "<group>"; };
		8E5B2DCB1C4E5F450037EAB9 /* TTUserTableViewCell.swift */ = {isa = PBXFileReference; fileEncoding = 4; lastKnownFileType = sourcecode.swift; name = TTUserTableViewCell.swift; path = ../TTUserTableViewCell.swift; sourceTree = "<group>"; };
		8E5B2DCD1C4E61370037EAB9 /* TTUserTableViewController.swift */ = {isa = PBXFileReference; fileEncoding = 4; lastKnownFileType = sourcecode.swift; path = TTUserTableViewController.swift; sourceTree = "<group>"; };
/* End PBXFileReference section */

/* Begin PBXFrameworksBuildPhase section */
		8E5B2DB31C4E5D1B0037EAB9 /* Frameworks */ = {
			isa = PBXFrameworksBuildPhase;
			buildActionMask = 2147483647;
			files = (
			);
			runOnlyForDeploymentPostprocessing = 0;
		};
/* End PBXFrameworksBuildPhase section */

/* Begin PBXGroup section */
		8E5B2DAD1C4E5D1B0037EAB9 = {
			isa = PBXGroup;
			children = (
				8E5B2DB81C4E5D1B0037EAB9 /* TimeTracker3 */,
				8E5B2DB71C4E5D1B0037EAB9 /* Products */,
			);
			sourceTree = "<group>";
		};
		8E5B2DB71C4E5D1B0037EAB9 /* Products */ = {
			isa = PBXGroup;
			children = (
				8E5B2DB61C4E5D1B0037EAB9 /* TimeTracker3.app */,
			);
			name = Products;
			sourceTree = "<group>";
		};
		8E5B2DB81C4E5D1B0037EAB9 /* TimeTracker3 */ = {
			isa = PBXGroup;
			children = (
				8E0643C11C55256B00D53CB5 /* SwiftyJSON.swift */,
				8E0643B71C4EDBC900D53CB5 /* RestApiManager.swift */,
				8E5B2DCB1C4E5F450037EAB9 /* TTUserTableViewCell.swift */,
				8E5B2DCD1C4E61370037EAB9 /* TTUserTableViewController.swift */,
				8E5B2DB91C4E5D1B0037EAB9 /* AppDelegate.swift */,
				8E5B2DBB1C4E5D1B0037EAB9 /* ViewController.swift */,
				8E5B2DBD1C4E5D1B0037EAB9 /* Main.storyboard */,
				8E5B2DC01C4E5D1B0037EAB9 /* Assets.xcassets */,
				8E5B2DC21C4E5D1B0037EAB9 /* LaunchScreen.storyboard */,
				8E5B2DC51C4E5D1B0037EAB9 /* Info.plist */,
			);
			path = TimeTracker3;
			sourceTree = "<group>";
		};
/* End PBXGroup section */

/* Begin PBXNativeTarget section */
		8E5B2DB51C4E5D1B0037EAB9 /* TimeTracker3 */ = {
			isa = PBXNativeTarget;
			buildConfigurationList = 8E5B2DC81C4E5D1B0037EAB9 /* Build configuration list for PBXNativeTarget "TimeTracker3" */;
			buildPhases = (
				8E5B2DB21C4E5D1B0037EAB9 /* Sources */,
				8E5B2DB31C4E5D1B0037EAB9 /* Frameworks */,
				8E5B2DB41C4E5D1B0037EAB9 /* Resources */,
			);
			buildRules = (
			);
			dependencies = (
			);
			name = TimeTracker3;
			productName = TimeTracker3;
			productReference = 8E5B2DB61C4E5D1B0037EAB9 /* TimeTracker3.app */;
			productType = "com.apple.product-type.application";
		};
/* End PBXNativeTarget section */

/* Begin PBXProject section */
		8E5B2DAE1C4E5D1B0037EAB9 /* Project object */ = {
			isa = PBXProject;
			attributes = {
				LastSwiftUpdateCheck = 0710;
				LastUpgradeCheck = 0710;
				ORGANIZATIONNAME = Startup;
				TargetAttributes = {
					8E5B2DB51C4E5D1B0037EAB9 = {
						CreatedOnToolsVersion = 7.1.1;
						DevelopmentTeam = 479B644MB8;
					};
				};
			};
			buildConfigurationList = 8E5B2DB11C4E5D1B0037EAB9 /* Build configuration list for PBXProject "TimeTracker3" */;
			compatibilityVersion = "Xcode 3.2";
			developmentRegion = English;
			hasScannedForEncodings = 0;
			knownRegions = (
				en,
				Base,
			);
			mainGroup = 8E5B2DAD1C4E5D1B0037EAB9;
			productRefGroup = 8E5B2DB71C4E5D1B0037EAB9 /* Products */;
			projectDirPath = "";
			projectRoot = "";
			targets = (
				8E5B2DB51C4E5D1B0037EAB9 /* TimeTracker3 */,
			);
		};
/* End PBXProject section */

/* Begin PBXResourcesBuildPhase section */
		8E5B2DB41C4E5D1B0037EAB9 /* Resources */ = {
			isa = PBXResourcesBuildPhase;
			buildActionMask = 2147483647;
			files = (
				8E5B2DC41C4E5D1B0037EAB9 /* LaunchScreen.storyboard in Resources */,
				8E5B2DC11C4E5D1B0037EAB9 /* Assets.xcassets in Resources */,
				8E5B2DBF1C4E5D1B0037EAB9 /* Main.storyboard in Resources */,
			);
			runOnlyForDeploymentPostprocessing = 0;
		};
/* End PBXResourcesBuildPhase section */

/* Begin PBXSourcesBuildPhase section */
		8E5B2DB21C4E5D1B0037EAB9 /* Sources */ = {
			isa = PBXSourcesBuildPhase;
			buildActionMask = 2147483647;
			files = (
				8E5B2DCE1C4E61370037EAB9 /* TTUserTableViewController.swift in Sources */,
				8E5B2DBC1C4E5D1B0037EAB9 /* ViewController.swift in Sources */,
				8E5B2DBA1C4E5D1B0037EAB9 /* AppDelegate.swift in Sources */,
				8E0643C21C55256B00D53CB5 /* SwiftyJSON.swift in Sources */,
				8E0643B81C4EDBC900D53CB5 /* RestApiManager.swift in Sources */,
				8E5B2DCC1C4E5F450037EAB9 /* TTUserTableViewCell.swift in Sources */,
			);
			runOnlyForDeploymentPostprocessing = 0;
		};
/* End PBXSourcesBuildPhase section */

/* Begin PBXVariantGroup section */
		8E5B2DBD1C4E5D1B0037EAB9 /* Main.storyboard */ = {
			isa = PBXVariantGroup;
			children = (
				8E5B2DBE1C4E5D1B0037EAB9 /* Base */,
			);
			name = Main.storyboard;
			sourceTree = "<group>";
		};
		8E5B2DC21C4E5D1B0037EAB9 /* LaunchScreen.storyboard */ = {
			isa = PBXVariantGroup;
			children = (
				8E5B2DC31C4E5D1B0037EAB9 /* Base */,
			);
			name = LaunchScreen.storyboard;
			sourceTree = "<group>";
		};
/* End PBXVariantGroup section */

/* Begin XCBuildConfiguration section */
		8E5B2DC61C4E5D1B0037EAB9 /* Debug */ = {
			isa = XCBuildConfiguration;
			buildSettings = {
				ALWAYS_SEARCH_USER_PATHS = NO;
				CLANG_CXX_LANGUAGE_STANDARD = "gnu++0x";
				CLANG_CXX_LIBRARY = "libc++";
				CLANG_ENABLE_MODULES = YES;
				CLANG_ENABLE_OBJC_ARC = YES;
				CLANG_WARN_BOOL_CONVERSION = YES;
				CLANG_WARN_CONSTANT_CONVERSION = YES;
				CLANG_WARN_DIRECT_OBJC_ISA_USAGE = YES_ERROR;
				CLANG_WARN_EMPTY_BODY = YES;
				CLANG_WARN_ENUM_CONVERSION = YES;
				CLANG_WARN_INT_CONVERSION = YES;
				CLANG_WARN_OBJC_ROOT_CLASS = YES_ERROR;
				CLANG_WARN_UNREACHABLE_CODE = YES;
				CLANG_WARN__DUPLICATE_METHOD_MATCH = YES;
				"CODE_SIGN_IDENTITY[sdk=iphoneos*]" = "iPhone Developer";
				COPY_PHASE_STRIP = NO;
				DEBUG_INFORMATION_FORMAT = dwarf;
				ENABLE_STRICT_OBJC_MSGSEND = YES;
				ENABLE_TESTABILITY = YES;
				GCC_C_LANGUAGE_STANDARD = gnu99;
				GCC_DYNAMIC_NO_PIC = NO;
				GCC_NO_COMMON_BLOCKS = YES;
				GCC_OPTIMIZATION_LEVEL = 0;
				GCC_PREPROCESSOR_DEFINITIONS = (
					"DEBUG=1",
					"$(inherited)",
				);
				GCC_WARN_64_TO_32_BIT_CONVERSION = YES;
				GCC_WARN_ABOUT_RETURN_TYPE = YES_ERROR;
				GCC_WARN_UNDECLARED_SELECTOR = YES;
				GCC_WARN_UNINITIALIZED_AUTOS = YES_AGGRESSIVE;
				GCC_WARN_UNUSED_FUNCTION = YES;
				GCC_WARN_UNUSED_VARIABLE = YES;
				IPHONEOS_DEPLOYMENT_TARGET = 9.1;
				MTL_ENABLE_DEBUG_INFO = YES;
				ONLY_ACTIVE_ARCH = YES;
				SDKROOT = iphoneos;
				SWIFT_OPTIMIZATION_LEVEL = "-Onone";
			};
			name = Debug;
		};
		8E5B2DC71C4E5D1B0037EAB9 /* Release */ = {
			isa = XCBuildConfiguration;
			buildSettings = {
				ALWAYS_SEARCH_USER_PATHS = NO;
				CLANG_CXX_LANGUAGE_STANDARD = "gnu++0x";
				CLANG_CXX_LIBRARY = "libc++";
				CLANG_ENABLE_MODULES = YES;
				CLANG_ENABLE_OBJC_ARC = YES;
				CLANG_WARN_BOOL_CONVERSION = YES;
				CLANG_WARN_CONSTANT_CONVERSION = YES;
				CLANG_WARN_DIRECT_OBJC_ISA_USAGE = YES_ERROR;
				CLANG_WARN_EMPTY_BODY = YES;
				CLANG_WARN_ENUM_CONVERSION = YES;
				CLANG_WARN_INT_CONVERSION = YES;
				CLANG_WARN_OBJC_ROOT_CLASS = YES_ERROR;
				CLANG_WARN_UNREACHABLE_CODE = YES;
				CLANG_WARN__DUPLICATE_METHOD_MATCH = YES;
				"CODE_SIGN_IDENTITY[sdk=iphoneos*]" = "iPhone Developer";
				COPY_PHASE_STRIP = NO;
				DEBUG_INFORMATION_FORMAT = "dwarf-with-dsym";
				ENABLE_NS_ASSERTIONS = NO;
				ENABLE_STRICT_OBJC_MSGSEND = YES;
				GCC_C_LANGUAGE_STANDARD = gnu99;
				GCC_NO_COMMON_BLOCKS = YES;
				GCC_WARN_64_TO_32_BIT_CONVERSION = YES;
				GCC_WARN_ABOUT_RETURN_TYPE = YES_ERROR;
				GCC_WARN_UNDECLARED_SELECTOR = YES;
				GCC_WARN_UNINITIALIZED_AUTOS = YES_AGGRESSIVE;
				GCC_WARN_UNUSED_FUNCTION = YES;
				GCC_WARN_UNUSED_VARIABLE = YES;
				IPHONEOS_DEPLOYMENT_TARGET = 9.1;
				MTL_ENABLE_DEBUG_INFO = NO;
				SDKROOT = iphoneos;
				VALIDATE_PRODUCT = YES;
			};
			name = Release;
		};
		8E5B2DC91C4E5D1B0037EAB9 /* Debug */ = {
			isa = XCBuildConfiguration;
			buildSettings = {
				ASSETCATALOG_COMPILER_APPICON_NAME = AppIcon;
				INFOPLIST_FILE = TimeTracker3/Info.plist;
				LD_RUNPATH_SEARCH_PATHS = "$(inherited) @executable_path/Frameworks";
				PRODUCT_BUNDLE_IDENTIFIER = com.getrichordietrying.TimeTracker3;
				PRODUCT_NAME = "$(TARGET_NAME)";
			};
			name = Debug;
		};
		8E5B2DCA1C4E5D1B0037EAB9 /* Release */ = {
			isa = XCBuildConfiguration;
			buildSettings = {
				ASSETCATALOG_COMPILER_APPICON_NAME = AppIcon;
				INFOPLIST_FILE = TimeTracker3/Info.plist;
				LD_RUNPATH_SEARCH_PATHS = "$(inherited) @executable_path/Frameworks";
				PRODUCT_BUNDLE_IDENTIFIER = com.getrichordietrying.TimeTracker3;
				PRODUCT_NAME = "$(TARGET_NAME)";
			};
			name = Release;
		};
/* End XCBuildConfiguration section */

/* Begin XCConfigurationList section */
		8E5B2DB11C4E5D1B0037EAB9 /* Build configuration list for PBXProject "TimeTracker3" */ = {
			isa = XCConfigurationList;
			buildConfigurations = (
				8E5B2DC61C4E5D1B0037EAB9 /* Debug */,
				8E5B2DC71C4E5D1B0037EAB9 /* Release */,
			);
			defaultConfigurationIsVisible = 0;
			defaultConfigurationName = Release;
		};
		8E5B2DC81C4E5D1B0037EAB9 /* Build configuration list for PBXNativeTarget "TimeTracker3" */ = {
			isa = XCConfigurationList;
			buildConfigurations = (
				8E5B2DC91C4E5D1B0037EAB9 /* Debug */,
				8E5B2DCA1C4E5D1B0037EAB9 /* Release */,
			);
			defaultConfigurationIsVisible = 0;
			defaultConfigurationName = Release;
		};
/* End XCConfigurationList section */
	};
	rootObject = 8E5B2DAE1C4E5D1B0037EAB9 /* Project object */;
}
